
Microsoft Visual Studio Solution File, Format Version 12.00
# Visual Studio Version 17
VisualStudioVersion = 17.5.33502.453
MinimumVisualStudioVersion = 10.0.40219.1
Project("{FAE04EC0-301F-11D3-BF4B-00C04F79EFBC}") = "D_3_N_2", "D_3_N_2.csproj", "{28F10CEA-8B21-463C-B773-BD0A36769078}"
EndProject
Global
	GlobalSection(SolutionConfigurationPlatforms) = preSolution
		Debug|Any CPU = Debug|Any CPU
		Release|Any CPU = Release|Any CPU
	EndGlobalSection
	GlobalSection(ProjectConfigurationPlatforms) = postSolution
		{28F10CEA-8B21-463C-B773-BD0A36769078}.Debug|Any CPU.ActiveCfg = Debug|Any CPU
		{28F10CEA-8B21-463C-B773-BD0A36769078}.Debug|Any CPU.Build.0 = Debug|Any CPU
		{28F10CEA-8B21-463C-B773-BD0A36769078}.Release|Any CPU.ActiveCfg = Release|Any CPU
		{28F10CEA-8B21-463C-B773-BD0A36769078}.Release|Any CPU.Build.0 = Release|Any CPU
	EndGlobalSection
	GlobalSection(SolutionProperties) = preSolution
		HideSolutionNode = FALSE
	EndGlobalSection
	GlobalSection(ExtensibilityGlobals) = postSolution
		SolutionGuid = {B6A88DBB-E812-41CF-806D-31713CA0BA4F}
	EndGlobalSection
EndGlobal
